
Microsoft Visual Studio Solution File, Format Version 12.00
# Visual Studio Version 17
VisualStudioVersion = 17.7.34024.191
MinimumVisualStudioVersion = 10.0.40219.1
Project("{FAE04EC0-301F-11D3-BF4B-00C04F79EFBC}") = "Week9Lists", "Week9Lists.csproj", "{6815A7CB-4941-402E-8560-541E6A6C8BB5}"
EndProject
Global
	GlobalSection(SolutionConfigurationPlatforms) = preSolution
		Debug|Any CPU = Debug|Any CPU
		Release|Any CPU = Release|Any CPU
	EndGlobalSection
	GlobalSection(ProjectConfigurationPlatforms) = postSolution
		{6815A7CB-4941-402E-8560-541E6A6C8BB5}.Debug|Any CPU.ActiveCfg = Debug|Any CPU
		{6815A7CB-4941-402E-8560-541E6A6C8BB5}.Debug|Any CPU.Build.0 = Debug|Any CPU
		{6815A7CB-4941-402E-8560-541E6A6C8BB5}.Release|Any CPU.ActiveCfg = Release|Any CPU
		{6815A7CB-4941-402E-8560-541E6A6C8BB5}.Release|Any CPU.Build.0 = Release|Any CPU
	EndGlobalSection
	GlobalSection(SolutionProperties) = preSolution
		HideSolutionNode = FALSE
	EndGlobalSection
	GlobalSection(ExtensibilityGlobals) = postSolution
		SolutionGuid = {0514541C-13B3-4317-9B64-698F6A6E6D33}
	EndGlobalSection
EndGlobal
